// !$*UTF8*$!
{
	archiveVersion = 1;
	classes = {
	};
	objectVersion = 56;
	objects = {

/* Begin PBXBuildFile section */
		D2C6DF312B21EA8D004D6233 /* SplashCoordinator.swift in Sources */ = {isa = PBXBuildFile; fileRef = D2C6DF302B21EA8D004D6233 /* SplashCoordinator.swift */; };
		D2C6DF332B222EAE004D6233 /* HomeCoordinator.swift in Sources */ = {isa = PBXBuildFile; fileRef = D2C6DF322B222EAE004D6233 /* HomeCoordinator.swift */; };
		D2C6DF352B2234D2004D6233 /* HomeView.swift in Sources */ = {isa = PBXBuildFile; fileRef = D2C6DF342B2234D2004D6233 /* HomeView.swift */; };
		D2FA56982B20953100F36CF3 /* AppDelegate.swift in Sources */ = {isa = PBXBuildFile; fileRef = D2FA56972B20953100F36CF3 /* AppDelegate.swift */; };
		D2FA569A2B20953100F36CF3 /* SceneDelegate.swift in Sources */ = {isa = PBXBuildFile; fileRef = D2FA56992B20953100F36CF3 /* SceneDelegate.swift */; };
		D2FA569C2B20953100F36CF3 /* SplashViewController.swift in Sources */ = {isa = PBXBuildFile; fileRef = D2FA569B2B20953100F36CF3 /* SplashViewController.swift */; };
		D2FA56A12B20953300F36CF3 /* Assets.xcassets in Resources */ = {isa = PBXBuildFile; fileRef = D2FA56A02B20953300F36CF3 /* Assets.xcassets */; };
		D2FA56A42B20953300F36CF3 /* LaunchScreen.storyboard in Resources */ = {isa = PBXBuildFile; fileRef = D2FA56A22B20953300F36CF3 /* LaunchScreen.storyboard */; };
		D2FA56AC2B20AF9500F36CF3 /* MainViewController.swift in Sources */ = {isa = PBXBuildFile; fileRef = D2FA56AB2B20AF9500F36CF3 /* MainViewController.swift */; };
		D2FA56B02B20B0E100F36CF3 /* SplashView.swift in Sources */ = {isa = PBXBuildFile; fileRef = D2FA56AF2B20B0E100F36CF3 /* SplashView.swift */; };
		D2FA56B22B20D63900F36CF3 /* MainView.swift in Sources */ = {isa = PBXBuildFile; fileRef = D2FA56B12B20D63900F36CF3 /* MainView.swift */; };
		D2FA56B52B20D6E900F36CF3 /* LabelDefault.swift in Sources */ = {isa = PBXBuildFile; fileRef = D2FA56B42B20D6E900F36CF3 /* LabelDefault.swift */; };
		D2FA56B92B20D70700F36CF3 /* TextFieldDefault.swift in Sources */ = {isa = PBXBuildFile; fileRef = D2FA56B82B20D70700F36CF3 /* TextFieldDefault.swift */; };
		D2FA56BB2B20D70F00F36CF3 /* ButtonDefault.swift in Sources */ = {isa = PBXBuildFile; fileRef = D2FA56BA2B20D70F00F36CF3 /* ButtonDefault.swift */; };
		D2FA56BD2B20D97300F36CF3 /* ImageDefault.swift in Sources */ = {isa = PBXBuildFile; fileRef = D2FA56BC2B20D97300F36CF3 /* ImageDefault.swift */; };
		D2FA56BF2B20FB2300F36CF3 /* HomeViewController.swift in Sources */ = {isa = PBXBuildFile; fileRef = D2FA56BE2B20FB2300F36CF3 /* HomeViewController.swift */; };
		D2FA56C22B21019700F36CF3 /* Coordinator.swift in Sources */ = {isa = PBXBuildFile; fileRef = D2FA56C12B21019700F36CF3 /* Coordinator.swift */; };
		D2FA56C42B2101E100F36CF3 /* ApplicationCoordinator.swift in Sources */ = {isa = PBXBuildFile; fileRef = D2FA56C32B2101E100F36CF3 /* ApplicationCoordinator.swift */; };
		D2FA56C72B21060600F36CF3 /* MainCoordinator.swift in Sources */ = {isa = PBXBuildFile; fileRef = D2FA56C62B21060600F36CF3 /* MainCoordinator.swift */; };
/* End PBXBuildFile section */

/* Begin PBXFileReference section */
		D2C6DF302B21EA8D004D6233 /* SplashCoordinator.swift */ = {isa = PBXFileReference; lastKnownFileType = sourcecode.swift; path = SplashCoordinator.swift; sourceTree = "<group>"; };
		D2C6DF322B222EAE004D6233 /* HomeCoordinator.swift */ = {isa = PBXFileReference; lastKnownFileType = sourcecode.swift; path = HomeCoordinator.swift; sourceTree = "<group>"; };
		D2C6DF342B2234D2004D6233 /* HomeView.swift */ = {isa = PBXFileReference; lastKnownFileType = sourcecode.swift; path = HomeView.swift; sourceTree = "<group>"; };
		D2FA56942B20953100F36CF3 /* CryptoTracker.app */ = {isa = PBXFileReference; explicitFileType = wrapper.application; includeInIndex = 0; path = CryptoTracker.app; sourceTree = BUILT_PRODUCTS_DIR; };
		D2FA56972B20953100F36CF3 /* AppDelegate.swift */ = {isa = PBXFileReference; lastKnownFileType = sourcecode.swift; path = AppDelegate.swift; sourceTree = "<group>"; };
		D2FA56992B20953100F36CF3 /* SceneDelegate.swift */ = {isa = PBXFileReference; lastKnownFileType = sourcecode.swift; path = SceneDelegate.swift; sourceTree = "<group>"; };
		D2FA569B2B20953100F36CF3 /* SplashViewController.swift */ = {isa = PBXFileReference; lastKnownFileType = sourcecode.swift; path = SplashViewController.swift; sourceTree = "<group>"; };
		D2FA56A02B20953300F36CF3 /* Assets.xcassets */ = {isa = PBXFileReference; lastKnownFileType = folder.assetcatalog; path = Assets.xcassets; sourceTree = "<group>"; };
		D2FA56A32B20953300F36CF3 /* Base */ = {isa = PBXFileReference; lastKnownFileType = file.storyboard; name = Base; path = Base.lproj/LaunchScreen.storyboard; sourceTree = "<group>"; };
		D2FA56A52B20953300F36CF3 /* Info.plist */ = {isa = PBXFileReference; lastKnownFileType = text.plist.xml; path = Info.plist; sourceTree = "<group>"; };
		D2FA56AB2B20AF9500F36CF3 /* MainViewController.swift */ = {isa = PBXFileReference; lastKnownFileType = sourcecode.swift; path = MainViewController.swift; sourceTree = "<group>"; };
		D2FA56AF2B20B0E100F36CF3 /* SplashView.swift */ = {isa = PBXFileReference; lastKnownFileType = sourcecode.swift; path = SplashView.swift; sourceTree = "<group>"; };
		D2FA56B12B20D63900F36CF3 /* MainView.swift */ = {isa = PBXFileReference; lastKnownFileType = sourcecode.swift; path = MainView.swift; sourceTree = "<group>"; };
		D2FA56B42B20D6E900F36CF3 /* LabelDefault.swift */ = {isa = PBXFileReference; lastKnownFileType = sourcecode.swift; path = LabelDefault.swift; sourceTree = "<group>"; };
		D2FA56B82B20D70700F36CF3 /* TextFieldDefault.swift */ = {isa = PBXFileReference; lastKnownFileType = sourcecode.swift; path = TextFieldDefault.swift; sourceTree = "<group>"; };
		D2FA56BA2B20D70F00F36CF3 /* ButtonDefault.swift */ = {isa = PBXFileReference; lastKnownFileType = sourcecode.swift; path = ButtonDefault.swift; sourceTree = "<group>"; };
		D2FA56BC2B20D97300F36CF3 /* ImageDefault.swift */ = {isa = PBXFileReference; lastKnownFileType = sourcecode.swift; path = ImageDefault.swift; sourceTree = "<group>"; };
		D2FA56BE2B20FB2300F36CF3 /* HomeViewController.swift */ = {isa = PBXFileReference; lastKnownFileType = sourcecode.swift; path = HomeViewController.swift; sourceTree = "<group>"; };
		D2FA56C12B21019700F36CF3 /* Coordinator.swift */ = {isa = PBXFileReference; lastKnownFileType = sourcecode.swift; path = Coordinator.swift; sourceTree = "<group>"; };
		D2FA56C32B2101E100F36CF3 /* ApplicationCoordinator.swift */ = {isa = PBXFileReference; lastKnownFileType = sourcecode.swift; path = ApplicationCoordinator.swift; sourceTree = "<group>"; };
		D2FA56C62B21060600F36CF3 /* MainCoordinator.swift */ = {isa = PBXFileReference; lastKnownFileType = sourcecode.swift; name = MainCoordinator.swift; path = ../MainCoordinator.swift; sourceTree = "<group>"; };
/* End PBXFileReference section */

/* Begin PBXFrameworksBuildPhase section */
		D2FA56912B20953100F36CF3 /* Frameworks */ = {
			isa = PBXFrameworksBuildPhase;
			buildActionMask = 2147483647;
			files = (
			);
			runOnlyForDeploymentPostprocessing = 0;
		};
/* End PBXFrameworksBuildPhase section */

/* Begin PBXGroup section */
		D2C6DF2D2B21E92B004D6233 /* Coordinators */ = {
			isa = PBXGroup;
			children = (
				D2FA56C62B21060600F36CF3 /* MainCoordinator.swift */,
				D2C6DF302B21EA8D004D6233 /* SplashCoordinator.swift */,
				D2C6DF322B222EAE004D6233 /* HomeCoordinator.swift */,
			);
			path = Coordinators;
			sourceTree = "<group>";
		};
		D2FA568B2B20953100F36CF3 = {
			isa = PBXGroup;
			children = (
				D2FA56962B20953100F36CF3 /* CryptoTracker */,
				D2FA56952B20953100F36CF3 /* Products */,
			);
			sourceTree = "<group>";
		};
		D2FA56952B20953100F36CF3 /* Products */ = {
			isa = PBXGroup;
			children = (
				D2FA56942B20953100F36CF3 /* CryptoTracker.app */,
			);
			name = Products;
			sourceTree = "<group>";
		};
		D2FA56962B20953100F36CF3 /* CryptoTracker */ = {
			isa = PBXGroup;
			children = (
				D2FA56C32B2101E100F36CF3 /* ApplicationCoordinator.swift */,
				D2FA56992B20953100F36CF3 /* SceneDelegate.swift */,
				D2FA56972B20953100F36CF3 /* AppDelegate.swift */,
				D2C6DF2D2B21E92B004D6233 /* Coordinators */,
				D2FA56B32B20D6DA00F36CF3 /* Components */,
				D2FA56AE2B20B0DA00F36CF3 /* Views */,
				D2FA56AD2B20B0D100F36CF3 /* Controllers */,
				D2FA56C02B21018F00F36CF3 /* Protocols */,
				D2FA56A02B20953300F36CF3 /* Assets.xcassets */,
				D2FA56A22B20953300F36CF3 /* LaunchScreen.storyboard */,
				D2FA56A52B20953300F36CF3 /* Info.plist */,
			);
			path = CryptoTracker;
			sourceTree = "<group>";
		};
		D2FA56AD2B20B0D100F36CF3 /* Controllers */ = {
			isa = PBXGroup;
			children = (
				D2FA56AB2B20AF9500F36CF3 /* MainViewController.swift */,
				D2FA569B2B20953100F36CF3 /* SplashViewController.swift */,
				D2FA56BE2B20FB2300F36CF3 /* HomeViewController.swift */,
			);
			path = Controllers;
			sourceTree = "<group>";
		};
		D2FA56AE2B20B0DA00F36CF3 /* Views */ = {
			isa = PBXGroup;
			children = (
				D2FA56AF2B20B0E100F36CF3 /* SplashView.swift */,
				D2FA56B12B20D63900F36CF3 /* MainView.swift */,
				D2C6DF342B2234D2004D6233 /* HomeView.swift */,
			);
			path = Views;
			sourceTree = "<group>";
		};
		D2FA56B32B20D6DA00F36CF3 /* Components */ = {
			isa = PBXGroup;
			children = (
				D2FA56B42B20D6E900F36CF3 /* LabelDefault.swift */,
				D2FA56B82B20D70700F36CF3 /* TextFieldDefault.swift */,
				D2FA56BA2B20D70F00F36CF3 /* ButtonDefault.swift */,
				D2FA56BC2B20D97300F36CF3 /* ImageDefault.swift */,
			);
			path = Components;
			sourceTree = "<group>";
		};
		D2FA56C02B21018F00F36CF3 /* Protocols */ = {
			isa = PBXGroup;
			children = (
				D2FA56C12B21019700F36CF3 /* Coordinator.swift */,
			);
			path = Protocols;
			sourceTree = "<group>";
		};
/* End PBXGroup section */

/* Begin PBXNativeTarget section */
		D2FA56932B20953100F36CF3 /* CryptoTracker */ = {
			isa = PBXNativeTarget;
			buildConfigurationList = D2FA56A82B20953300F36CF3 /* Build configuration list for PBXNativeTarget "CryptoTracker" */;
			buildPhases = (
				D2FA56902B20953100F36CF3 /* Sources */,
				D2FA56912B20953100F36CF3 /* Frameworks */,
				D2FA56922B20953100F36CF3 /* Resources */,
			);
			buildRules = (
			);
			dependencies = (
			);
			name = CryptoTracker;
			productName = CryptoTracker;
			productReference = D2FA56942B20953100F36CF3 /* CryptoTracker.app */;
			productType = "com.apple.product-type.application";
		};
/* End PBXNativeTarget section */

/* Begin PBXProject section */
		D2FA568C2B20953100F36CF3 /* Project object */ = {
			isa = PBXProject;
			attributes = {
				BuildIndependentTargetsInParallel = 1;
				LastSwiftUpdateCheck = 1500;
				LastUpgradeCheck = 1500;
				TargetAttributes = {
					D2FA56932B20953100F36CF3 = {
						CreatedOnToolsVersion = 15.0.1;
					};
				};
			};
			buildConfigurationList = D2FA568F2B20953100F36CF3 /* Build configuration list for PBXProject "CryptoTracker" */;
			compatibilityVersion = "Xcode 14.0";
			developmentRegion = en;
			hasScannedForEncodings = 0;
			knownRegions = (
				en,
				Base,
			);
			mainGroup = D2FA568B2B20953100F36CF3;
			productRefGroup = D2FA56952B20953100F36CF3 /* Products */;
			projectDirPath = "";
			projectRoot = "";
			targets = (
				D2FA56932B20953100F36CF3 /* CryptoTracker */,
			);
		};
/* End PBXProject section */

/* Begin PBXResourcesBuildPhase section */
		D2FA56922B20953100F36CF3 /* Resources */ = {
			isa = PBXResourcesBuildPhase;
			buildActionMask = 2147483647;
			files = (
				D2FA56A42B20953300F36CF3 /* LaunchScreen.storyboard in Resources */,
				D2FA56A12B20953300F36CF3 /* Assets.xcassets in Resources */,
			);
			runOnlyForDeploymentPostprocessing = 0;
		};
/* End PBXResourcesBuildPhase section */

/* Begin PBXSourcesBuildPhase section */
		D2FA56902B20953100F36CF3 /* Sources */ = {
			isa = PBXSourcesBuildPhase;
			buildActionMask = 2147483647;
			files = (
				D2FA569C2B20953100F36CF3 /* SplashViewController.swift in Sources */,
				D2FA56C72B21060600F36CF3 /* MainCoordinator.swift in Sources */,
				D2FA56BD2B20D97300F36CF3 /* ImageDefault.swift in Sources */,
				D2FA56C42B2101E100F36CF3 /* ApplicationCoordinator.swift in Sources */,
				D2FA56BB2B20D70F00F36CF3 /* ButtonDefault.swift in Sources */,
				D2C6DF352B2234D2004D6233 /* HomeView.swift in Sources */,
				D2FA56B22B20D63900F36CF3 /* MainView.swift in Sources */,
				D2FA56982B20953100F36CF3 /* AppDelegate.swift in Sources */,
				D2FA56B02B20B0E100F36CF3 /* SplashView.swift in Sources */,
				D2FA569A2B20953100F36CF3 /* SceneDelegate.swift in Sources */,
				D2C6DF312B21EA8D004D6233 /* SplashCoordinator.swift in Sources */,
				D2FA56BF2B20FB2300F36CF3 /* HomeViewController.swift in Sources */,
				D2FA56C22B21019700F36CF3 /* Coordinator.swift in Sources */,
				D2FA56AC2B20AF9500F36CF3 /* MainViewController.swift in Sources */,
				D2C6DF332B222EAE004D6233 /* HomeCoordinator.swift in Sources */,
				D2FA56B52B20D6E900F36CF3 /* LabelDefault.swift in Sources */,
				D2FA56B92B20D70700F36CF3 /* TextFieldDefault.swift in Sources */,
			);
			runOnlyForDeploymentPostprocessing = 0;
		};
/* End PBXSourcesBuildPhase section */

/* Begin PBXVariantGroup section */
		D2FA56A22B20953300F36CF3 /* LaunchScreen.storyboard */ = {
			isa = PBXVariantGroup;
			children = (
				D2FA56A32B20953300F36CF3 /* Base */,
			);
			name = LaunchScreen.storyboard;
			sourceTree = "<group>";
		};
/* End PBXVariantGroup section */

/* Begin XCBuildConfiguration section */
		D2FA56A62B20953300F36CF3 /* Debug */ = {
			isa = XCBuildConfiguration;
			buildSettings = {
				ALWAYS_SEARCH_USER_PATHS = NO;
				ASSETCATALOG_COMPILER_GENERATE_SWIFT_ASSET_SYMBOL_EXTENSIONS = YES;
				CLANG_ANALYZER_NONNULL = YES;
				CLANG_ANALYZER_NUMBER_OBJECT_CONVERSION = YES_AGGRESSIVE;
				CLANG_CXX_LANGUAGE_STANDARD = "gnu++20";
				CLANG_ENABLE_MODULES = YES;
				CLANG_ENABLE_OBJC_ARC = YES;
				CLANG_ENABLE_OBJC_WEAK = YES;
				CLANG_WARN_BLOCK_CAPTURE_AUTORELEASING = YES;
				CLANG_WARN_BOOL_CONVERSION = YES;
				CLANG_WARN_COMMA = YES;
				CLANG_WARN_CONSTANT_CONVERSION = YES;
				CLANG_WARN_DEPRECATED_OBJC_IMPLEMENTATIONS = YES;
				CLANG_WARN_DIRECT_OBJC_ISA_USAGE = YES_ERROR;
				CLANG_WARN_DOCUMENTATION_COMMENTS = YES;
				CLANG_WARN_EMPTY_BODY = YES;
				CLANG_WARN_ENUM_CONVERSION = YES;
				CLANG_WARN_INFINITE_RECURSION = YES;
				CLANG_WARN_INT_CONVERSION = YES;
				CLANG_WARN_NON_LITERAL_NULL_CONVERSION = YES;
				CLANG_WARN_OBJC_IMPLICIT_RETAIN_SELF = YES;
				CLANG_WARN_OBJC_LITERAL_CONVERSION = YES;
				CLANG_WARN_OBJC_ROOT_CLASS = YES_ERROR;
				CLANG_WARN_QUOTED_INCLUDE_IN_FRAMEWORK_HEADER = YES;
				CLANG_WARN_RANGE_LOOP_ANALYSIS = YES;
				CLANG_WARN_STRICT_PROTOTYPES = YES;
				CLANG_WARN_SUSPICIOUS_MOVE = YES;
				CLANG_WARN_UNGUARDED_AVAILABILITY = YES_AGGRESSIVE;
				CLANG_WARN_UNREACHABLE_CODE = YES;
				CLANG_WARN__DUPLICATE_METHOD_MATCH = YES;
				COPY_PHASE_STRIP = NO;
				DEBUG_INFORMATION_FORMAT = dwarf;
				ENABLE_STRICT_OBJC_MSGSEND = YES;
				ENABLE_TESTABILITY = YES;
				ENABLE_USER_SCRIPT_SANDBOXING = YES;
				GCC_C_LANGUAGE_STANDARD = gnu17;
				GCC_DYNAMIC_NO_PIC = NO;
				GCC_NO_COMMON_BLOCKS = YES;
				GCC_OPTIMIZATION_LEVEL = 0;
				GCC_PREPROCESSOR_DEFINITIONS = (
					"DEBUG=1",
					"$(inherited)",
				);
				GCC_WARN_64_TO_32_BIT_CONVERSION = YES;
				GCC_WARN_ABOUT_RETURN_TYPE = YES_ERROR;
				GCC_WARN_UNDECLARED_SELECTOR = YES;
				GCC_WARN_UNINITIALIZED_AUTOS = YES_AGGRESSIVE;
				GCC_WARN_UNUSED_FUNCTION = YES;
				GCC_WARN_UNUSED_VARIABLE = YES;
				IPHONEOS_DEPLOYMENT_TARGET = 17.0;
				LOCALIZATION_PREFERS_STRING_CATALOGS = YES;
				MTL_ENABLE_DEBUG_INFO = INCLUDE_SOURCE;
				MTL_FAST_MATH = YES;
				ONLY_ACTIVE_ARCH = YES;
				SDKROOT = iphoneos;
				SWIFT_ACTIVE_COMPILATION_CONDITIONS = "DEBUG $(inherited)";
				SWIFT_OPTIMIZATION_LEVEL = "-Onone";
			};
			name = Debug;
		};
		D2FA56A72B20953300F36CF3 /* Release */ = {
			isa = XCBuildConfiguration;
			buildSettings = {
				ALWAYS_SEARCH_USER_PATHS = NO;
				ASSETCATALOG_COMPILER_GENERATE_SWIFT_ASSET_SYMBOL_EXTENSIONS = YES;
				CLANG_ANALYZER_NONNULL = YES;
				CLANG_ANALYZER_NUMBER_OBJECT_CONVERSION = YES_AGGRESSIVE;
				CLANG_CXX_LANGUAGE_STANDARD = "gnu++20";
				CLANG_ENABLE_MODULES = YES;
				CLANG_ENABLE_OBJC_ARC = YES;
				CLANG_ENABLE_OBJC_WEAK = YES;
				CLANG_WARN_BLOCK_CAPTURE_AUTORELEASING = YES;
				CLANG_WARN_BOOL_CONVERSION = YES;
				CLANG_WARN_COMMA = YES;
				CLANG_WARN_CONSTANT_CONVERSION = YES;
				CLANG_WARN_DEPRECATED_OBJC_IMPLEMENTATIONS = YES;
				CLANG_WARN_DIRECT_OBJC_ISA_USAGE = YES_ERROR;
				CLANG_WARN_DOCUMENTATION_COMMENTS = YES;
				CLANG_WARN_EMPTY_BODY = YES;
				CLANG_WARN_ENUM_CONVERSION = YES;
				CLANG_WARN_INFINITE_RECURSION = YES;
				CLANG_WARN_INT_CONVERSION = YES;
				CLANG_WARN_NON_LITERAL_NULL_CONVERSION = YES;
				CLANG_WARN_OBJC_IMPLICIT_RETAIN_SELF = YES;
				CLANG_WARN_OBJC_LITERAL_CONVERSION = YES;
				CLANG_WARN_OBJC_ROOT_CLASS = YES_ERROR;
				CLANG_WARN_QUOTED_INCLUDE_IN_FRAMEWORK_HEADER = YES;
				CLANG_WARN_RANGE_LOOP_ANALYSIS = YES;
				CLANG_WARN_STRICT_PROTOTYPES = YES;
				CLANG_WARN_SUSPICIOUS_MOVE = YES;
				CLANG_WARN_UNGUARDED_AVAILABILITY = YES_AGGRESSIVE;
				CLANG_WARN_UNREACHABLE_CODE = YES;
				CLANG_WARN__DUPLICATE_METHOD_MATCH = YES;
				COPY_PHASE_STRIP = NO;
				DEBUG_INFORMATION_FORMAT = "dwarf-with-dsym";
				ENABLE_NS_ASSERTIONS = NO;
				ENABLE_STRICT_OBJC_MSGSEND = YES;
				ENABLE_USER_SCRIPT_SANDBOXING = YES;
				GCC_C_LANGUAGE_STANDARD = gnu17;
				GCC_NO_COMMON_BLOCKS = YES;
				GCC_WARN_64_TO_32_BIT_CONVERSION = YES;
				GCC_WARN_ABOUT_RETURN_TYPE = YES_ERROR;
				GCC_WARN_UNDECLARED_SELECTOR = YES;
				GCC_WARN_UNINITIALIZED_AUTOS = YES_AGGRESSIVE;
				GCC_WARN_UNUSED_FUNCTION = YES;
				GCC_WARN_UNUSED_VARIABLE = YES;
				IPHONEOS_DEPLOYMENT_TARGET = 17.0;
				LOCALIZATION_PREFERS_STRING_CATALOGS = YES;
				MTL_ENABLE_DEBUG_INFO = NO;
				MTL_FAST_MATH = YES;
				SDKROOT = iphoneos;
				SWIFT_COMPILATION_MODE = wholemodule;
				VALIDATE_PRODUCT = YES;
			};
			name = Release;
		};
		D2FA56A92B20953300F36CF3 /* Debug */ = {
			isa = XCBuildConfiguration;
			buildSettings = {
				ASSETCATALOG_COMPILER_APPICON_NAME = AppIcon;
				ASSETCATALOG_COMPILER_GLOBAL_ACCENT_COLOR_NAME = AccentColor;
				CODE_SIGN_STYLE = Automatic;
				CURRENT_PROJECT_VERSION = 1;
				DEVELOPMENT_TEAM = WMD5L5746Z;
				GENERATE_INFOPLIST_FILE = YES;
				INFOPLIST_FILE = CryptoTracker/Info.plist;
				INFOPLIST_KEY_UIApplicationSupportsIndirectInputEvents = YES;
				INFOPLIST_KEY_UILaunchStoryboardName = LaunchScreen;
				INFOPLIST_KEY_UISupportedInterfaceOrientations_iPad = "UIInterfaceOrientationPortrait UIInterfaceOrientationPortraitUpsideDown UIInterfaceOrientationLandscapeLeft UIInterfaceOrientationLandscapeRight";
				INFOPLIST_KEY_UISupportedInterfaceOrientations_iPhone = "UIInterfaceOrientationPortrait UIInterfaceOrientationLandscapeLeft UIInterfaceOrientationLandscapeRight";
				LD_RUNPATH_SEARCH_PATHS = (
					"$(inherited)",
					"@executable_path/Frameworks",
				);
				MARKETING_VERSION = 1.0;
				PRODUCT_BUNDLE_IDENTIFIER = com.johmmotta.CryptoTracker;
				PRODUCT_NAME = "$(TARGET_NAME)";
				SWIFT_EMIT_LOC_STRINGS = YES;
				SWIFT_VERSION = 5.0;
				TARGETED_DEVICE_FAMILY = "1,2";
			};
			name = Debug;
		};
		D2FA56AA2B20953300F36CF3 /* Release */ = {
			isa = XCBuildConfiguration;
			buildSettings = {
				ASSETCATALOG_COMPILER_APPICON_NAME = AppIcon;
				ASSETCATALOG_COMPILER_GLOBAL_ACCENT_COLOR_NAME = AccentColor;
				CODE_SIGN_STYLE = Automatic;
				CURRENT_PROJECT_VERSION = 1;
				DEVELOPMENT_TEAM = WMD5L5746Z;
				GENERATE_INFOPLIST_FILE = YES;
				INFOPLIST_FILE = CryptoTracker/Info.plist;
				INFOPLIST_KEY_UIApplicationSupportsIndirectInputEvents = YES;
				INFOPLIST_KEY_UILaunchStoryboardName = LaunchScreen;
				INFOPLIST_KEY_UISupportedInterfaceOrientations_iPad = "UIInterfaceOrientationPortrait UIInterfaceOrientationPortraitUpsideDown UIInterfaceOrientationLandscapeLeft UIInterfaceOrientationLandscapeRight";
				INFOPLIST_KEY_UISupportedInterfaceOrientations_iPhone = "UIInterfaceOrientationPortrait UIInterfaceOrientationLandscapeLeft UIInterfaceOrientationLandscapeRight";
				LD_RUNPATH_SEARCH_PATHS = (
					"$(inherited)",
					"@executable_path/Frameworks",
				);
				MARKETING_VERSION = 1.0;
				PRODUCT_BUNDLE_IDENTIFIER = com.johmmotta.CryptoTracker;
				PRODUCT_NAME = "$(TARGET_NAME)";
				SWIFT_EMIT_LOC_STRINGS = YES;
				SWIFT_VERSION = 5.0;
				TARGETED_DEVICE_FAMILY = "1,2";
			};
			name = Release;
		};
/* End XCBuildConfiguration section */

/* Begin XCConfigurationList section */
		D2FA568F2B20953100F36CF3 /* Build configuration list for PBXProject "CryptoTracker" */ = {
			isa = XCConfigurationList;
			buildConfigurations = (
				D2FA56A62B20953300F36CF3 /* Debug */,
				D2FA56A72B20953300F36CF3 /* Release */,
			);
			defaultConfigurationIsVisible = 0;
			defaultConfigurationName = Release;
		};
		D2FA56A82B20953300F36CF3 /* Build configuration list for PBXNativeTarget "CryptoTracker" */ = {
			isa = XCConfigurationList;
			buildConfigurations = (
				D2FA56A92B20953300F36CF3 /* Debug */,
				D2FA56AA2B20953300F36CF3 /* Release */,
			);
			defaultConfigurationIsVisible = 0;
			defaultConfigurationName = Release;
		};
/* End XCConfigurationList section */
	};
	rootObject = D2FA568C2B20953100F36CF3 /* Project object */;
}
